
Microsoft Visual Studio Solution File, Format Version 12.00
Project("{FAE04EC0-301F-11D3-BF4B-00C04F79EFBC}") = "Protea", "Protea\Protea.csproj", "{C510F03D-F74D-4220-991E-5F8102F62508}"
EndProject
Global
	GlobalSection(SolutionConfigurationPlatforms) = preSolution
		Debug|Any CPU = Debug|Any CPU
		Release|Any CPU = Release|Any CPU
	EndGlobalSection
	GlobalSection(ProjectConfigurationPlatforms) = postSolution
		{C510F03D-F74D-4220-991E-5F8102F62508}.Debug|Any CPU.ActiveCfg = Debug|Any CPU
		{C510F03D-F74D-4220-991E-5F8102F62508}.Debug|Any CPU.Build.0 = Debug|Any CPU
		{C510F03D-F74D-4220-991E-5F8102F62508}.Release|Any CPU.ActiveCfg = Release|Any CPU
		{C510F03D-F74D-4220-991E-5F8102F62508}.Release|Any CPU.Build.0 = Release|Any CPU
	EndGlobalSection
EndGlobal
